
Microsoft Visual Studio Solution File, Format Version 12.00
# Visual Studio Version 17
VisualStudioVersion = 17.0.31903.59
MinimumVisualStudioVersion = 15.0.26124.0
Project("{2150E333-8FDC-42A3-9474-1A3956D46DE8}") = "src", "src", "{DBA7925F-3DE7-46C2-BBDD-53E6B73A7458}"
EndProject
Project("{9A19103F-16F7-4668-BE54-9A1E7A4F7556}") = "DeepZoomRipperLibrary", "src\DeepZoomRipperLibrary\DeepZoomRipperLibrary.csproj", "{26126393-0F27-4FC3-BD54-463D62178A09}"
EndProject
Project("{2150E333-8FDC-42A3-9474-1A3956D46DE8}") = "apps", "apps", "{9FE56B79-3010-450E-B430-B588108D01BA}"
EndProject
Project("{9A19103F-16F7-4668-BE54-9A1E7A4F7556}") = "DeepZoomRipperCli", "apps\DeepZoomRipperCli\DeepZoomRipperCli.csproj", "{E1C1738D-A42E-465A-9D9E-B40972BF1B2E}"
EndProject
Global
	GlobalSection(SolutionConfigurationPlatforms) = preSolution
		Debug|Any CPU = Debug|Any CPU
		Debug|x64 = Debug|x64
		Debug|x86 = Debug|x86
		Release|Any CPU = Release|Any CPU
		Release|x64 = Release|x64
		Release|x86 = Release|x86
	EndGlobalSection
	GlobalSection(ProjectConfigurationPlatforms) = postSolution
		{26126393-0F27-4FC3-BD54-463D62178A09}.Debug|Any CPU.ActiveCfg = Debug|Any CPU
		{26126393-0F27-4FC3-BD54-463D62178A09}.Debug|Any CPU.Build.0 = Debug|Any CPU
		{26126393-0F27-4FC3-BD54-463D62178A09}.Debug|x64.ActiveCfg = Debug|Any CPU
		{26126393-0F27-4FC3-BD54-463D62178A09}.Debug|x64.Build.0 = Debug|Any CPU
		{26126393-0F27-4FC3-BD54-463D62178A09}.Debug|x86.ActiveCfg = Debug|Any CPU
		{26126393-0F27-4FC3-BD54-463D62178A09}.Debug|x86.Build.0 = Debug|Any CPU
		{26126393-0F27-4FC3-BD54-463D62178A09}.Release|Any CPU.ActiveCfg = Release|Any CPU
		{26126393-0F27-4FC3-BD54-463D62178A09}.Release|Any CPU.Build.0 = Release|Any CPU
		{26126393-0F27-4FC3-BD54-463D62178A09}.Release|x64.ActiveCfg = Release|Any CPU
		{26126393-0F27-4FC3-BD54-463D62178A09}.Release|x64.Build.0 = Release|Any CPU
		{26126393-0F27-4FC3-BD54-463D62178A09}.Release|x86.ActiveCfg = Release|Any CPU
		{26126393-0F27-4FC3-BD54-463D62178A09}.Release|x86.Build.0 = Release|Any CPU
		{E1C1738D-A42E-465A-9D9E-B40972BF1B2E}.Debug|Any CPU.ActiveCfg = Debug|Any CPU
		{E1C1738D-A42E-465A-9D9E-B40972BF1B2E}.Debug|Any CPU.Build.0 = Debug|Any CPU
		{E1C1738D-A42E-465A-9D9E-B40972BF1B2E}.Debug|x64.ActiveCfg = Debug|Any CPU
		{E1C1738D-A42E-465A-9D9E-B40972BF1B2E}.Debug|x64.Build.0 = Debug|Any CPU
		{E1C1738D-A42E-465A-9D9E-B40972BF1B2E}.Debug|x86.ActiveCfg = Debug|Any CPU
		{E1C1738D-A42E-465A-9D9E-B40972BF1B2E}.Debug|x86.Build.0 = Debug|Any CPU
		{E1C1738D-A42E-465A-9D9E-B40972BF1B2E}.Release|Any CPU.ActiveCfg = Release|Any CPU
		{E1C1738D-A42E-465A-9D9E-B40972BF1B2E}.Release|Any CPU.Build.0 = Release|Any CPU
		{E1C1738D-A42E-465A-9D9E-B40972BF1B2E}.Release|x64.ActiveCfg = Release|Any CPU
		{E1C1738D-A42E-465A-9D9E-B40972BF1B2E}.Release|x64.Build.0 = Release|Any CPU
		{E1C1738D-A42E-465A-9D9E-B40972BF1B2E}.Release|x86.ActiveCfg = Release|Any CPU
		{E1C1738D-A42E-465A-9D9E-B40972BF1B2E}.Release|x86.Build.0 = Release|Any CPU
	EndGlobalSection
	GlobalSection(SolutionProperties) = preSolution
		HideSolutionNode = FALSE
	EndGlobalSection
	GlobalSection(NestedProjects) = preSolution
		{26126393-0F27-4FC3-BD54-463D62178A09} = {DBA7925F-3DE7-46C2-BBDD-53E6B73A7458}
		{E1C1738D-A42E-465A-9D9E-B40972BF1B2E} = {9FE56B79-3010-450E-B430-B588108D01BA}
	EndGlobalSection
	GlobalSection(ExtensibilityGlobals) = postSolution
		SolutionGuid = {15931430-7AD5-4ADC-AA46-D0A485361AA3}
	EndGlobalSection
EndGlobal
